
Microsoft Visual Studio Solution File, Format Version 12.00
# Visual Studio Version 16
VisualStudioVersion = 16.0.29009.5
MinimumVisualStudioVersion = 10.0.40219.1
Project("{F184B08F-C81C-45F6-A57F-5ABD9991F28F}") = "CTRLW1", "CTRLW1\CTRLW1.vbproj", "{2A97B257-D797-4F56-8CD3-380EFF021EA0}"
EndProject
Project("{E729F059-12D4-455F-A2A4-FDA8DD25E08A}") = "My Project Name-1", "..\..\InstallShield 2019 Projects\My Project Name-1.isproj", "{36ECD965-682A-4852-965B-A3F93548554C}"
EndProject
Project("{54435603-DBB4-11D2-8724-00A0C9A8B90C}") = "C TRLP2021", "CTRLP2021\CTRLP2021.vdproj", "{16F83598-027E-4505-BEDE-255769F14ACE}"
EndProject
Project("{54435603-DBB4-11D2-8724-00A0C9A8B90C}") = "Setup3", "Setup3\Setup3.vdproj", "{D3B60110-8E12-41D1-AAEF-67EE4207543A}"
EndProject
Project("{54435603-DBB4-11D2-8724-00A0C9A8B90C}") = "Setup4", "Setup4\Setup4.vdproj", "{D7216B20-340A-4D8F-84DD-F3067FE98423}"
EndProject
Project("{54435603-DBB4-11D2-8724-00A0C9A8B90C}") = "CTRL+y", "CTRL+y\CTRL+y.vdproj", "{4BDD89A5-71DB-4146-95A3-35938736A18F}"
EndProject
Global
	GlobalSection(SolutionConfigurationPlatforms) = preSolution
		All|Any CPU = All|Any CPU
		Debug|Any CPU = Debug|Any CPU
		Release|Any CPU = Release|Any CPU
	EndGlobalSection
	GlobalSection(ProjectConfigurationPlatforms) = postSolution
		{2A97B257-D797-4F56-8CD3-380EFF021EA0}.All|Any CPU.ActiveCfg = Release|Any CPU
		{2A97B257-D797-4F56-8CD3-380EFF021EA0}.All|Any CPU.Build.0 = Release|Any CPU
		{2A97B257-D797-4F56-8CD3-380EFF021EA0}.Debug|Any CPU.ActiveCfg = Debug|Any CPU
		{2A97B257-D797-4F56-8CD3-380EFF021EA0}.Debug|Any CPU.Build.0 = Debug|Any CPU
		{2A97B257-D797-4F56-8CD3-380EFF021EA0}.Release|Any CPU.ActiveCfg = Release|Any CPU
		{2A97B257-D797-4F56-8CD3-380EFF021EA0}.Release|Any CPU.Build.0 = Release|Any CPU
		{36ECD965-682A-4852-965B-A3F93548554C}.All|Any CPU.ActiveCfg = Release
		{36ECD965-682A-4852-965B-A3F93548554C}.Debug|Any CPU.ActiveCfg = Debug
		{36ECD965-682A-4852-965B-A3F93548554C}.Debug|Any CPU.Build.0 = Debug
		{36ECD965-682A-4852-965B-A3F93548554C}.Release|Any CPU.ActiveCfg = Release
		{36ECD965-682A-4852-965B-A3F93548554C}.Release|Any CPU.Build.0 = Release
		{16F83598-027E-4505-BEDE-255769F14ACE}.All|Any CPU.ActiveCfg = Release
		{16F83598-027E-4505-BEDE-255769F14ACE}.Debug|Any CPU.ActiveCfg = Debug
		{16F83598-027E-4505-BEDE-255769F14ACE}.Release|Any CPU.ActiveCfg = Release
		{D3B60110-8E12-41D1-AAEF-67EE4207543A}.All|Any CPU.ActiveCfg = Release
		{D3B60110-8E12-41D1-AAEF-67EE4207543A}.Debug|Any CPU.ActiveCfg = Debug
		{D3B60110-8E12-41D1-AAEF-67EE4207543A}.Release|Any CPU.ActiveCfg = Release
		{D7216B20-340A-4D8F-84DD-F3067FE98423}.All|Any CPU.ActiveCfg = Release
		{D7216B20-340A-4D8F-84DD-F3067FE98423}.Debug|Any CPU.ActiveCfg = Debug
		{D7216B20-340A-4D8F-84DD-F3067FE98423}.Release|Any CPU.ActiveCfg = Release
		{4BDD89A5-71DB-4146-95A3-35938736A18F}.All|Any CPU.ActiveCfg = Debug
		{4BDD89A5-71DB-4146-95A3-35938736A18F}.Debug|Any CPU.ActiveCfg = Debug
		{4BDD89A5-71DB-4146-95A3-35938736A18F}.Release|Any CPU.ActiveCfg = Release
	EndGlobalSection
	GlobalSection(SolutionProperties) = preSolution
		HideSolutionNode = FALSE
	EndGlobalSection
	GlobalSection(ExtensibilityGlobals) = postSolution
		SolutionGuid = {24A3905F-8082-45BB-A9D8-0741A00565BE}
	EndGlobalSection
EndGlobal
